
Microsoft Visual Studio Solution File, Format Version 12.00
# Visual Studio Version 17
VisualStudioVersion = 17.8.34525.116
MinimumVisualStudioVersion = 10.0.40219.1
Project("{FAE04EC0-301F-11D3-BF4B-00C04F79EFBC}") = "Lit.Server.Api", "Lit.Server.Api\Lit.Server.Api.csproj", "{492892C5-3C25-43C9-AF47-B043CACD80A6}"
EndProject
Project("{FAE04EC0-301F-11D3-BF4B-00C04F79EFBC}") = "Lit.Server.Data", "Lit.Server.Data\Lit.Server.Data.csproj", "{6887E762-3AE7-4AE8-9218-B2BAC161D0F2}"
EndProject
Project("{FAE04EC0-301F-11D3-BF4B-00C04F79EFBC}") = "Lit.Server.Logic", "Lit.Server.Logic\Lit.Server.Logic.csproj", "{932DF06B-E845-41E6-8629-1EB18957E7F2}"
EndProject
Global
	GlobalSection(SolutionConfigurationPlatforms) = preSolution
		Debug|Any CPU = Debug|Any CPU
		Release|Any CPU = Release|Any CPU
	EndGlobalSection
	GlobalSection(ProjectConfigurationPlatforms) = postSolution
		{492892C5-3C25-43C9-AF47-B043CACD80A6}.Debug|Any CPU.ActiveCfg = Debug|Any CPU
		{492892C5-3C25-43C9-AF47-B043CACD80A6}.Debug|Any CPU.Build.0 = Debug|Any CPU
		{492892C5-3C25-43C9-AF47-B043CACD80A6}.Release|Any CPU.ActiveCfg = Release|Any CPU
		{492892C5-3C25-43C9-AF47-B043CACD80A6}.Release|Any CPU.Build.0 = Release|Any CPU
		{6887E762-3AE7-4AE8-9218-B2BAC161D0F2}.Debug|Any CPU.ActiveCfg = Debug|Any CPU
		{6887E762-3AE7-4AE8-9218-B2BAC161D0F2}.Debug|Any CPU.Build.0 = Debug|Any CPU
		{6887E762-3AE7-4AE8-9218-B2BAC161D0F2}.Release|Any CPU.ActiveCfg = Release|Any CPU
		{6887E762-3AE7-4AE8-9218-B2BAC161D0F2}.Release|Any CPU.Build.0 = Release|Any CPU
		{932DF06B-E845-41E6-8629-1EB18957E7F2}.Debug|Any CPU.ActiveCfg = Debug|Any CPU
		{932DF06B-E845-41E6-8629-1EB18957E7F2}.Debug|Any CPU.Build.0 = Debug|Any CPU
		{932DF06B-E845-41E6-8629-1EB18957E7F2}.Release|Any CPU.ActiveCfg = Release|Any CPU
		{932DF06B-E845-41E6-8629-1EB18957E7F2}.Release|Any CPU.Build.0 = Release|Any CPU
	EndGlobalSection
	GlobalSection(SolutionProperties) = preSolution
		HideSolutionNode = FALSE
	EndGlobalSection
	GlobalSection(ExtensibilityGlobals) = postSolution
		SolutionGuid = {1D69F000-7EEE-4451-AEB1-F5C4FA8E871B}
	EndGlobalSection
EndGlobal
